{
  "name": "my-project",
  "version": "0.1.0",
  "lockfileVersion": 1,
  "requires": true,
  "dependencies": {
    "@dcloudio/uni-helper-json": {
      "version": "1.0.8",
      "resolved": "https://registry.npm.taobao.org/@dcloudio/uni-helper-json/download/@dcloudio/uni-helper-json-1.0.8.tgz?cache=0&sync_timestamp=1604394308835&other_urls=https%3A%2F%2Fregistry.npm.taobao.org%2F%40dcloudio%2Funi-helper-json%2Fdownload%2F%40dcloudio%2Funi-helper-json-1.0.8.tgz",
      "integrity": "sha1-QD2K1zn/qMGe3woSTwPVbUtlM9Y="
    },
    "@types/html5plus": {
      "version": "1.0.1",
      "resolved": "https://registry.npm.taobao.org/@types/html5plus/download/@types/html5plus-1.0.1.tgz",
      "integrity": "sha1-EjFll+Qvb4fLJbnJOGD1fNObOQY=",
      "dev": true
    },
    "@types/uni-app": {
      "version": "1.4.3",
      "resolved": "https://registry.npm.taobao.org/@types/uni-app/download/@types/uni-app-1.4.3.tgz",
      "integrity": "sha1-JRwBK9JAi2m/UB/g3I92rbOwV2w=",
      "dev": true,
      "requires": {
        "vue": "^2.6.8"
      },
      "dependencies": {
        "vue": {
          "version": "2.6.12",
          "resolved": "https://registry.npm.taobao.org/vue/download/vue-2.6.12.tgz",
          "integrity": "sha1-9evU+mvShpQD4pqJau1JBEVskSM=",
          "dev": true
        }
      }
    }
  }
}
